
Microsoft Visual Studio Solution File, Format Version 12.00
# Visual Studio Version 17
VisualStudioVersion = 17.4.33122.133
MinimumVisualStudioVersion = 10.0.40219.1
Project("{9A19103F-16F7-4668-BE54-9A1E7A4F7556}") = "StyleShopping", "StyleShopping\StyleShopping.csproj", "{29BF6B8C-EADC-4930-991A-6B28F7753A1A}"
EndProject
Project("{9A19103F-16F7-4668-BE54-9A1E7A4F7556}") = "BussinessObject", "BussinessObject\BussinessObject.csproj", "{7BE35C60-0A3C-47FA-B796-EDC4EC9737BA}"
EndProject
Project("{9A19103F-16F7-4668-BE54-9A1E7A4F7556}") = "DAO", "DAO\DAO.csproj", "{5709250B-0084-472C-BB67-5BF88A16C993}"
EndProject
Project("{9A19103F-16F7-4668-BE54-9A1E7A4F7556}") = "Repository", "Repository\Repository.csproj", "{5B65CDD7-3D54-4FFE-BC1B-680064C486F8}"
EndProject
Project("{9A19103F-16F7-4668-BE54-9A1E7A4F7556}") = "Service", "Service\Service.csproj", "{129920FA-0BBC-4684-B8DA-AE08A747BB09}"
EndProject
Global
	GlobalSection(SolutionConfigurationPlatforms) = preSolution
		Debug|Any CPU = Debug|Any CPU
		Release|Any CPU = Release|Any CPU
	EndGlobalSection
	GlobalSection(ProjectConfigurationPlatforms) = postSolution
		{29BF6B8C-EADC-4930-991A-6B28F7753A1A}.Debug|Any CPU.ActiveCfg = Debug|Any CPU
		{29BF6B8C-EADC-4930-991A-6B28F7753A1A}.Debug|Any CPU.Build.0 = Debug|Any CPU
		{29BF6B8C-EADC-4930-991A-6B28F7753A1A}.Release|Any CPU.ActiveCfg = Release|Any CPU
		{29BF6B8C-EADC-4930-991A-6B28F7753A1A}.Release|Any CPU.Build.0 = Release|Any CPU
		{7BE35C60-0A3C-47FA-B796-EDC4EC9737BA}.Debug|Any CPU.ActiveCfg = Debug|Any CPU
		{7BE35C60-0A3C-47FA-B796-EDC4EC9737BA}.Debug|Any CPU.Build.0 = Debug|Any CPU
		{7BE35C60-0A3C-47FA-B796-EDC4EC9737BA}.Release|Any CPU.ActiveCfg = Release|Any CPU
		{7BE35C60-0A3C-47FA-B796-EDC4EC9737BA}.Release|Any CPU.Build.0 = Release|Any CPU
		{5709250B-0084-472C-BB67-5BF88A16C993}.Debug|Any CPU.ActiveCfg = Debug|Any CPU
		{5709250B-0084-472C-BB67-5BF88A16C993}.Debug|Any CPU.Build.0 = Debug|Any CPU
		{5709250B-0084-472C-BB67-5BF88A16C993}.Release|Any CPU.ActiveCfg = Release|Any CPU
		{5709250B-0084-472C-BB67-5BF88A16C993}.Release|Any CPU.Build.0 = Release|Any CPU
		{5B65CDD7-3D54-4FFE-BC1B-680064C486F8}.Debug|Any CPU.ActiveCfg = Debug|Any CPU
		{5B65CDD7-3D54-4FFE-BC1B-680064C486F8}.Debug|Any CPU.Build.0 = Debug|Any CPU
		{5B65CDD7-3D54-4FFE-BC1B-680064C486F8}.Release|Any CPU.ActiveCfg = Release|Any CPU
		{5B65CDD7-3D54-4FFE-BC1B-680064C486F8}.Release|Any CPU.Build.0 = Release|Any CPU
		{129920FA-0BBC-4684-B8DA-AE08A747BB09}.Debug|Any CPU.ActiveCfg = Debug|Any CPU
		{129920FA-0BBC-4684-B8DA-AE08A747BB09}.Debug|Any CPU.Build.0 = Debug|Any CPU
		{129920FA-0BBC-4684-B8DA-AE08A747BB09}.Release|Any CPU.ActiveCfg = Release|Any CPU
		{129920FA-0BBC-4684-B8DA-AE08A747BB09}.Release|Any CPU.Build.0 = Release|Any CPU
	EndGlobalSection
	GlobalSection(SolutionProperties) = preSolution
		HideSolutionNode = FALSE
	EndGlobalSection
	GlobalSection(ExtensibilityGlobals) = postSolution
		SolutionGuid = {DE9A9CE6-F885-4433-80CB-864065E2370E}
	EndGlobalSection
EndGlobal
